
Microsoft Visual Studio Solution File, Format Version 12.00
# Visual Studio Version 17
VisualStudioVersion = 17.3.32819.101
MinimumVisualStudioVersion = 10.0.40219.1
Project("{2150E333-8FDC-42A3-9474-1A3956D46DE8}") = "API", "API", "{611BE603-6168-4C7B-B0D4-37E8E0DB11F7}"
EndProject
Project("{9A19103F-16F7-4668-BE54-9A1E7A4F7556}") = "Http.API", "Http.API\Http.API.csproj", "{9B49DBBE-F1CC-4633-85BA-86DAC9FA9796}"
EndProject
Project("{9A19103F-16F7-4668-BE54-9A1E7A4F7556}") = "Auth.API", "Auth.API\Auth.API.csproj", "{531382E9-64CA-48F5-9300-0F200C29636F}"
EndProject
Project("{9A19103F-16F7-4668-BE54-9A1E7A4F7556}") = "BLL", "BLL\BLL.csproj", "{638587D9-51C2-49CE-8038-D9B4B7165558}"
EndProject
Project("{9A19103F-16F7-4668-BE54-9A1E7A4F7556}") = "DAL", "DAL\DAL.csproj", "{864BA52E-E450-47D6-85B1-0E297D0CA0AA}"
EndProject
Project("{9A19103F-16F7-4668-BE54-9A1E7A4F7556}") = "DM", "DM\DM.csproj", "{D6B538F1-E980-418C-A45F-1D7A1A90D2FB}"
EndProject
Project("{2150E333-8FDC-42A3-9474-1A3956D46DE8}") = "Tests", "Tests", "{086EF49F-CCFE-42A2-817D-51B5D463E26E}"
EndProject
Project("{9A19103F-16F7-4668-BE54-9A1E7A4F7556}") = "Tests.API", "Tests.API\Tests.API.csproj", "{A8A55BFD-0947-4040-B4D1-1E989B1DD373}"
EndProject
Project("{9A19103F-16F7-4668-BE54-9A1E7A4F7556}") = "Tests.BLL", "Tests.BLL\Tests.BLL.csproj", "{FD4C97E7-1EDA-4633-ABD9-FF9530DFB163}"
EndProject
Project("{9A19103F-16F7-4668-BE54-9A1E7A4F7556}") = "Test.Sanity", "Test.Sanity\Test.Sanity.csproj", "{C7CCF833-23BA-4088-8B78-831EB9C84B2F}"
EndProject
Global
	GlobalSection(SolutionConfigurationPlatforms) = preSolution
		Debug|Any CPU = Debug|Any CPU
		Release|Any CPU = Release|Any CPU
	EndGlobalSection
	GlobalSection(ProjectConfigurationPlatforms) = postSolution
		{9B49DBBE-F1CC-4633-85BA-86DAC9FA9796}.Debug|Any CPU.ActiveCfg = Debug|Any CPU
		{9B49DBBE-F1CC-4633-85BA-86DAC9FA9796}.Debug|Any CPU.Build.0 = Debug|Any CPU
		{9B49DBBE-F1CC-4633-85BA-86DAC9FA9796}.Release|Any CPU.ActiveCfg = Release|Any CPU
		{9B49DBBE-F1CC-4633-85BA-86DAC9FA9796}.Release|Any CPU.Build.0 = Release|Any CPU
		{531382E9-64CA-48F5-9300-0F200C29636F}.Debug|Any CPU.ActiveCfg = Debug|Any CPU
		{531382E9-64CA-48F5-9300-0F200C29636F}.Debug|Any CPU.Build.0 = Debug|Any CPU
		{531382E9-64CA-48F5-9300-0F200C29636F}.Release|Any CPU.ActiveCfg = Release|Any CPU
		{531382E9-64CA-48F5-9300-0F200C29636F}.Release|Any CPU.Build.0 = Release|Any CPU
		{638587D9-51C2-49CE-8038-D9B4B7165558}.Debug|Any CPU.ActiveCfg = Debug|Any CPU
		{638587D9-51C2-49CE-8038-D9B4B7165558}.Debug|Any CPU.Build.0 = Debug|Any CPU
		{638587D9-51C2-49CE-8038-D9B4B7165558}.Release|Any CPU.ActiveCfg = Release|Any CPU
		{638587D9-51C2-49CE-8038-D9B4B7165558}.Release|Any CPU.Build.0 = Release|Any CPU
		{864BA52E-E450-47D6-85B1-0E297D0CA0AA}.Debug|Any CPU.ActiveCfg = Debug|Any CPU
		{864BA52E-E450-47D6-85B1-0E297D0CA0AA}.Debug|Any CPU.Build.0 = Debug|Any CPU
		{864BA52E-E450-47D6-85B1-0E297D0CA0AA}.Release|Any CPU.ActiveCfg = Release|Any CPU
		{864BA52E-E450-47D6-85B1-0E297D0CA0AA}.Release|Any CPU.Build.0 = Release|Any CPU
		{D6B538F1-E980-418C-A45F-1D7A1A90D2FB}.Debug|Any CPU.ActiveCfg = Debug|Any CPU
		{D6B538F1-E980-418C-A45F-1D7A1A90D2FB}.Debug|Any CPU.Build.0 = Debug|Any CPU
		{D6B538F1-E980-418C-A45F-1D7A1A90D2FB}.Release|Any CPU.ActiveCfg = Release|Any CPU
		{D6B538F1-E980-418C-A45F-1D7A1A90D2FB}.Release|Any CPU.Build.0 = Release|Any CPU
		{A8A55BFD-0947-4040-B4D1-1E989B1DD373}.Debug|Any CPU.ActiveCfg = Debug|Any CPU
		{A8A55BFD-0947-4040-B4D1-1E989B1DD373}.Debug|Any CPU.Build.0 = Debug|Any CPU
		{A8A55BFD-0947-4040-B4D1-1E989B1DD373}.Release|Any CPU.ActiveCfg = Release|Any CPU
		{A8A55BFD-0947-4040-B4D1-1E989B1DD373}.Release|Any CPU.Build.0 = Release|Any CPU
		{FD4C97E7-1EDA-4633-ABD9-FF9530DFB163}.Debug|Any CPU.ActiveCfg = Debug|Any CPU
		{FD4C97E7-1EDA-4633-ABD9-FF9530DFB163}.Debug|Any CPU.Build.0 = Debug|Any CPU
		{FD4C97E7-1EDA-4633-ABD9-FF9530DFB163}.Release|Any CPU.ActiveCfg = Release|Any CPU
		{FD4C97E7-1EDA-4633-ABD9-FF9530DFB163}.Release|Any CPU.Build.0 = Release|Any CPU
		{C7CCF833-23BA-4088-8B78-831EB9C84B2F}.Debug|Any CPU.ActiveCfg = Debug|Any CPU
		{C7CCF833-23BA-4088-8B78-831EB9C84B2F}.Debug|Any CPU.Build.0 = Debug|Any CPU
		{C7CCF833-23BA-4088-8B78-831EB9C84B2F}.Release|Any CPU.ActiveCfg = Release|Any CPU
		{C7CCF833-23BA-4088-8B78-831EB9C84B2F}.Release|Any CPU.Build.0 = Release|Any CPU
	EndGlobalSection
	GlobalSection(SolutionProperties) = preSolution
		HideSolutionNode = FALSE
	EndGlobalSection
	GlobalSection(NestedProjects) = preSolution
		{9B49DBBE-F1CC-4633-85BA-86DAC9FA9796} = {611BE603-6168-4C7B-B0D4-37E8E0DB11F7}
		{531382E9-64CA-48F5-9300-0F200C29636F} = {611BE603-6168-4C7B-B0D4-37E8E0DB11F7}
		{A8A55BFD-0947-4040-B4D1-1E989B1DD373} = {086EF49F-CCFE-42A2-817D-51B5D463E26E}
		{FD4C97E7-1EDA-4633-ABD9-FF9530DFB163} = {086EF49F-CCFE-42A2-817D-51B5D463E26E}
		{C7CCF833-23BA-4088-8B78-831EB9C84B2F} = {086EF49F-CCFE-42A2-817D-51B5D463E26E}
	EndGlobalSection
	GlobalSection(ExtensibilityGlobals) = postSolution
		SolutionGuid = {62F87289-3A82-4372-B59E-8DE9B4CACD9D}
	EndGlobalSection
EndGlobal
