
Microsoft Visual Studio Solution File, Format Version 12.00
# Visual Studio Version 17
VisualStudioVersion = 17.3.32819.101
MinimumVisualStudioVersion = 10.0.40219.1
Project("{FAE04EC0-301F-11D3-BF4B-00C04F79EFBC}") = "Http.API", "Http.API\Http.API.csproj", "{0771C29C-22F6-46B5-BB0D-69D979A32AAC}"
EndProject
Project("{2150E333-8FDC-42A3-9474-1A3956D46DE8}") = "API", "API", "{5402A16A-55E7-42EB-ADA0-7B4F08223816}"
EndProject
Project("{2150E333-8FDC-42A3-9474-1A3956D46DE8}") = "Logic", "Logic", "{44D74BFA-8838-4EE5-9AD2-8B22F85BF771}"
EndProject
Project("{2150E333-8FDC-42A3-9474-1A3956D46DE8}") = "Data", "Data", "{A9E08881-06D8-435E-AE69-810E7B6A8B23}"
EndProject
Project("{2150E333-8FDC-42A3-9474-1A3956D46DE8}") = "Tests", "Tests", "{197A3D73-6CAA-4E91-80FE-A01401A84294}"
EndProject
Project("{FAE04EC0-301F-11D3-BF4B-00C04F79EFBC}") = "DM", "DM\DM.csproj", "{88FB0B88-B85B-4ADE-BD08-29F19F04070D}"
EndProject
Project("{FAE04EC0-301F-11D3-BF4B-00C04F79EFBC}") = "DAL", "DAL\DAL.csproj", "{84F3564A-70CD-433D-8C8D-621695D78984}"
EndProject
Project("{FAE04EC0-301F-11D3-BF4B-00C04F79EFBC}") = "BLL", "BLL\BLL.csproj", "{478BF54E-5BAC-4DE1-988C-8E4EC1AA8B02}"
EndProject
Project("{FAE04EC0-301F-11D3-BF4B-00C04F79EFBC}") = "Tests.API", "Tests.API\Tests.API.csproj", "{6389F032-5D4A-4C59-AC80-609BDB788EDC}"
EndProject
Project("{FAE04EC0-301F-11D3-BF4B-00C04F79EFBC}") = "Tests.BLL", "Tests.BLL\Tests.BLL.csproj", "{3E34E5E5-97BF-4F33-A0EF-578A0F111C3D}"
EndProject
Project("{FAE04EC0-301F-11D3-BF4B-00C04F79EFBC}") = "Test.Sanity", "Test.Sanity\Test.Sanity.csproj", "{654C7BB7-7F78-4472-8569-B642417110CA}"
EndProject
Project("{FAE04EC0-301F-11D3-BF4B-00C04F79EFBC}") = "Auth.API", "Auth.API\Auth.API.csproj", "{5F0A484B-F2EC-4E76-9F08-C4644BB7DB58}"
EndProject
Global
	GlobalSection(SolutionConfigurationPlatforms) = preSolution
		Debug|Any CPU = Debug|Any CPU
		Release|Any CPU = Release|Any CPU
	EndGlobalSection
	GlobalSection(ProjectConfigurationPlatforms) = postSolution
		{0771C29C-22F6-46B5-BB0D-69D979A32AAC}.Debug|Any CPU.ActiveCfg = Debug|Any CPU
		{0771C29C-22F6-46B5-BB0D-69D979A32AAC}.Debug|Any CPU.Build.0 = Debug|Any CPU
		{0771C29C-22F6-46B5-BB0D-69D979A32AAC}.Release|Any CPU.ActiveCfg = Release|Any CPU
		{0771C29C-22F6-46B5-BB0D-69D979A32AAC}.Release|Any CPU.Build.0 = Release|Any CPU
		{88FB0B88-B85B-4ADE-BD08-29F19F04070D}.Debug|Any CPU.ActiveCfg = Debug|Any CPU
		{88FB0B88-B85B-4ADE-BD08-29F19F04070D}.Debug|Any CPU.Build.0 = Debug|Any CPU
		{88FB0B88-B85B-4ADE-BD08-29F19F04070D}.Release|Any CPU.ActiveCfg = Release|Any CPU
		{88FB0B88-B85B-4ADE-BD08-29F19F04070D}.Release|Any CPU.Build.0 = Release|Any CPU
		{84F3564A-70CD-433D-8C8D-621695D78984}.Debug|Any CPU.ActiveCfg = Debug|Any CPU
		{84F3564A-70CD-433D-8C8D-621695D78984}.Debug|Any CPU.Build.0 = Debug|Any CPU
		{84F3564A-70CD-433D-8C8D-621695D78984}.Release|Any CPU.ActiveCfg = Release|Any CPU
		{84F3564A-70CD-433D-8C8D-621695D78984}.Release|Any CPU.Build.0 = Release|Any CPU
		{478BF54E-5BAC-4DE1-988C-8E4EC1AA8B02}.Debug|Any CPU.ActiveCfg = Debug|Any CPU
		{478BF54E-5BAC-4DE1-988C-8E4EC1AA8B02}.Debug|Any CPU.Build.0 = Debug|Any CPU
		{478BF54E-5BAC-4DE1-988C-8E4EC1AA8B02}.Release|Any CPU.ActiveCfg = Release|Any CPU
		{478BF54E-5BAC-4DE1-988C-8E4EC1AA8B02}.Release|Any CPU.Build.0 = Release|Any CPU
		{6389F032-5D4A-4C59-AC80-609BDB788EDC}.Debug|Any CPU.ActiveCfg = Debug|Any CPU
		{6389F032-5D4A-4C59-AC80-609BDB788EDC}.Debug|Any CPU.Build.0 = Debug|Any CPU
		{6389F032-5D4A-4C59-AC80-609BDB788EDC}.Release|Any CPU.ActiveCfg = Release|Any CPU
		{6389F032-5D4A-4C59-AC80-609BDB788EDC}.Release|Any CPU.Build.0 = Release|Any CPU
		{3E34E5E5-97BF-4F33-A0EF-578A0F111C3D}.Debug|Any CPU.ActiveCfg = Debug|Any CPU
		{3E34E5E5-97BF-4F33-A0EF-578A0F111C3D}.Debug|Any CPU.Build.0 = Debug|Any CPU
		{3E34E5E5-97BF-4F33-A0EF-578A0F111C3D}.Release|Any CPU.ActiveCfg = Release|Any CPU
		{3E34E5E5-97BF-4F33-A0EF-578A0F111C3D}.Release|Any CPU.Build.0 = Release|Any CPU
		{654C7BB7-7F78-4472-8569-B642417110CA}.Debug|Any CPU.ActiveCfg = Debug|Any CPU
		{654C7BB7-7F78-4472-8569-B642417110CA}.Debug|Any CPU.Build.0 = Debug|Any CPU
		{654C7BB7-7F78-4472-8569-B642417110CA}.Release|Any CPU.ActiveCfg = Release|Any CPU
		{654C7BB7-7F78-4472-8569-B642417110CA}.Release|Any CPU.Build.0 = Release|Any CPU
		{5F0A484B-F2EC-4E76-9F08-C4644BB7DB58}.Debug|Any CPU.ActiveCfg = Debug|Any CPU
		{5F0A484B-F2EC-4E76-9F08-C4644BB7DB58}.Debug|Any CPU.Build.0 = Debug|Any CPU
		{5F0A484B-F2EC-4E76-9F08-C4644BB7DB58}.Release|Any CPU.ActiveCfg = Release|Any CPU
		{5F0A484B-F2EC-4E76-9F08-C4644BB7DB58}.Release|Any CPU.Build.0 = Release|Any CPU
	EndGlobalSection
	GlobalSection(SolutionProperties) = preSolution
		HideSolutionNode = FALSE
	EndGlobalSection
	GlobalSection(NestedProjects) = preSolution
		{0771C29C-22F6-46B5-BB0D-69D979A32AAC} = {5402A16A-55E7-42EB-ADA0-7B4F08223816}
		{88FB0B88-B85B-4ADE-BD08-29F19F04070D} = {A9E08881-06D8-435E-AE69-810E7B6A8B23}
		{84F3564A-70CD-433D-8C8D-621695D78984} = {A9E08881-06D8-435E-AE69-810E7B6A8B23}
		{478BF54E-5BAC-4DE1-988C-8E4EC1AA8B02} = {44D74BFA-8838-4EE5-9AD2-8B22F85BF771}
		{6389F032-5D4A-4C59-AC80-609BDB788EDC} = {197A3D73-6CAA-4E91-80FE-A01401A84294}
		{3E34E5E5-97BF-4F33-A0EF-578A0F111C3D} = {197A3D73-6CAA-4E91-80FE-A01401A84294}
		{654C7BB7-7F78-4472-8569-B642417110CA} = {197A3D73-6CAA-4E91-80FE-A01401A84294}
		{5F0A484B-F2EC-4E76-9F08-C4644BB7DB58} = {5402A16A-55E7-42EB-ADA0-7B4F08223816}
	EndGlobalSection
	GlobalSection(ExtensibilityGlobals) = postSolution
		SolutionGuid = {EC5D0FD7-9AB3-4A47-A5DC-44865036607C}
	EndGlobalSection
EndGlobal
