
Microsoft Visual Studio Solution File, Format Version 12.00
# Visual Studio Version 17
VisualStudioVersion = 17.3.32819.101
MinimumVisualStudioVersion = 10.0.40219.1
Project("{FAE04EC0-301F-11D3-BF4B-00C04F79EFBC}") = "UserDM", "UserDM\UserDM.csproj", "{75CDA9B2-606F-46AE-9015-CF72065BD48B}"
EndProject
Project("{FAE04EC0-301F-11D3-BF4B-00C04F79EFBC}") = "UserService", "UserService\UserService.csproj", "{988B3946-EC97-416D-BF99-C09DDF7DF1B1}"
EndProject
Project("{9A19103F-16F7-4668-BE54-9A1E7A4F7556}") = "Auth.API", "..\Auth.API\Auth.API.csproj", "{C1A3C816-93DF-471E-9C57-987A9208B7FF}"
EndProject
Global
	GlobalSection(SolutionConfigurationPlatforms) = preSolution
		Debug|Any CPU = Debug|Any CPU
		Release|Any CPU = Release|Any CPU
	EndGlobalSection
	GlobalSection(ProjectConfigurationPlatforms) = postSolution
		{75CDA9B2-606F-46AE-9015-CF72065BD48B}.Debug|Any CPU.ActiveCfg = Debug|Any CPU
		{75CDA9B2-606F-46AE-9015-CF72065BD48B}.Debug|Any CPU.Build.0 = Debug|Any CPU
		{75CDA9B2-606F-46AE-9015-CF72065BD48B}.Release|Any CPU.ActiveCfg = Release|Any CPU
		{75CDA9B2-606F-46AE-9015-CF72065BD48B}.Release|Any CPU.Build.0 = Release|Any CPU
		{988B3946-EC97-416D-BF99-C09DDF7DF1B1}.Debug|Any CPU.ActiveCfg = Debug|Any CPU
		{988B3946-EC97-416D-BF99-C09DDF7DF1B1}.Debug|Any CPU.Build.0 = Debug|Any CPU
		{988B3946-EC97-416D-BF99-C09DDF7DF1B1}.Release|Any CPU.ActiveCfg = Release|Any CPU
		{988B3946-EC97-416D-BF99-C09DDF7DF1B1}.Release|Any CPU.Build.0 = Release|Any CPU
		{C1A3C816-93DF-471E-9C57-987A9208B7FF}.Debug|Any CPU.ActiveCfg = Debug|Any CPU
		{C1A3C816-93DF-471E-9C57-987A9208B7FF}.Debug|Any CPU.Build.0 = Debug|Any CPU
		{C1A3C816-93DF-471E-9C57-987A9208B7FF}.Release|Any CPU.ActiveCfg = Release|Any CPU
		{C1A3C816-93DF-471E-9C57-987A9208B7FF}.Release|Any CPU.Build.0 = Release|Any CPU
	EndGlobalSection
	GlobalSection(SolutionProperties) = preSolution
		HideSolutionNode = FALSE
	EndGlobalSection
	GlobalSection(ExtensibilityGlobals) = postSolution
		SolutionGuid = {3DF51D68-04A7-4C36-9BC4-4D9DFEA10A3E}
	EndGlobalSection
EndGlobal
